
Microsoft Visual Studio Solution File, Format Version 11.00
# Visual Studio 2010
Project("{8BC9CEB8-8B4A-11D0-8D11-00A0C91BC942}") = "HW2", "HW2\HW2.vcxproj", "{21FC6AA0-3BF7-4564-A661-8744D09235A5}"
EndProject
Global
	GlobalSection(SolutionConfigurationPlatforms) = preSolution
		Debug|Win32 = Debug|Win32
		Release|Win32 = Release|Win32
	EndGlobalSection
	GlobalSection(ProjectConfigurationPlatforms) = postSolution
		{21FC6AA0-3BF7-4564-A661-8744D09235A5}.Debug|Win32.ActiveCfg = Debug|Win32
		{21FC6AA0-3BF7-4564-A661-8744D09235A5}.Debug|Win32.Build.0 = Debug|Win32
		{21FC6AA0-3BF7-4564-A661-8744D09235A5}.Release|Win32.ActiveCfg = Release|Win32
		{21FC6AA0-3BF7-4564-A661-8744D09235A5}.Release|Win32.Build.0 = Release|Win32
	EndGlobalSection
	GlobalSection(SolutionProperties) = preSolution
		HideSolutionNode = FALSE
	EndGlobalSection
EndGlobal
